
Microsoft Visual Studio Solution File, Format Version 12.00
# Visual Studio Version 16
VisualStudioVersion = 16.0.34114.132
MinimumVisualStudioVersion = 10.0.40219.1
Project("{FAE04EC0-301F-11D3-BF4B-00C04F79EFBC}") = "TTCSN_project_5", "TTCSN_project_5\TTCSN_project_5.csproj", "{0C213C0B-9C18-431A-883B-891194A32608}"
EndProject
Global
	GlobalSection(SolutionConfigurationPlatforms) = preSolution
		Debug|Any CPU = Debug|Any CPU
		Release|Any CPU = Release|Any CPU
	EndGlobalSection
	GlobalSection(ProjectConfigurationPlatforms) = postSolution
		{0C213C0B-9C18-431A-883B-891194A32608}.Debug|Any CPU.ActiveCfg = Debug|Any CPU
		{0C213C0B-9C18-431A-883B-891194A32608}.Debug|Any CPU.Build.0 = Debug|Any CPU
		{0C213C0B-9C18-431A-883B-891194A32608}.Release|Any CPU.ActiveCfg = Release|Any CPU
		{0C213C0B-9C18-431A-883B-891194A32608}.Release|Any CPU.Build.0 = Release|Any CPU
	EndGlobalSection
	GlobalSection(SolutionProperties) = preSolution
		HideSolutionNode = FALSE
	EndGlobalSection
	GlobalSection(ExtensibilityGlobals) = postSolution
		SolutionGuid = {21CBD207-D279-4A4D-9E45-9D01918B7EBD}
	EndGlobalSection
EndGlobal
